# This file is autogenerated, do not edit; changes may be undone by the next 'dep ensure'.


[[projects]]
  name = "github.com/joho/godotenv"
  packages = ["."]
  revision = "a79fa1e548e2c689c241d10173efd51e5d689d5b"
  version = "v1.2.0"

[[projects]]
  name = "github.com/pkg/errors"
  packages = ["."]
  revision = "645ef00459ed84a119197bfb8d8205042c6df63d"
  version = "v0.8.0"

[[projects]]
  name = "github.com/takama/daemon"
  packages = ["."]
  revision = "aa76b0035d1239b7bb3ae1bd84cd88ef2e0a1f1e"
  version = "0.11.0"

[[projects]]
  branch = "master"
  name = "golang.org/x/sys"
  packages = [
    "windows",
    "windows/registry",
    "windows/svc",
    "windows/svc/mgr"
  ]
  revision = "d0faeb539838e250bd0a9db4182d48d4a1915181"

[[projects]]
  branch = "v2"
  name = "gopkg.in/tucnak/telebot.v2"
  packages = ["."]
  revision = "ab26c41a13a14d620877bc21f61152d3a17493e9"

[solve-meta]
  analyzer-name = "dep"
  analyzer-version = 1
  inputs-digest = "41e6c8d9048175766bf95ffb0bceb929619ee87a4cb241a23ef643f338c273f7"
  solver-name = "gps-cdcl"
  solver-version = 1
